
Microsoft Visual Studio Solution File, Format Version 12.00
Project("{FAE04EC0-301F-11D3-BF4B-00C04F79EFBC}") = "Emcoding.ClockWorkAutoTimer", "Emcoding.ClockWorkAutoTimer\Emcoding.ClockWorkAutoTimer.csproj", "{DA3AE688-F4F2-45CF-B315-8B6314C981B3}"
EndProject
Global
	GlobalSection(SolutionConfigurationPlatforms) = preSolution
		Debug|Any CPU = Debug|Any CPU
		Release|Any CPU = Release|Any CPU
	EndGlobalSection
	GlobalSection(ProjectConfigurationPlatforms) = postSolution
		{DA3AE688-F4F2-45CF-B315-8B6314C981B3}.Debug|Any CPU.ActiveCfg = Debug|Any CPU
		{DA3AE688-F4F2-45CF-B315-8B6314C981B3}.Debug|Any CPU.Build.0 = Debug|Any CPU
		{DA3AE688-F4F2-45CF-B315-8B6314C981B3}.Release|Any CPU.ActiveCfg = Release|Any CPU
		{DA3AE688-F4F2-45CF-B315-8B6314C981B3}.Release|Any CPU.Build.0 = Release|Any CPU
	EndGlobalSection
EndGlobal
